
Microsoft Visual Studio Solution File, Format Version 12.00
# Visual Studio 15
VisualStudioVersion = 15.0.26730.12
MinimumVisualStudioVersion = 10.0.40219.1
Project("{9A19103F-16F7-4668-BE54-9A1E7A4F7556}") = "QMS", "QMS\QMS.csproj", "{013367E6-DEFE-49DE-832C-DA744CFD17DA}"
EndProject
Global
	GlobalSection(SolutionConfigurationPlatforms) = preSolution
		Debug|Any CPU = Debug|Any CPU
		Release|Any CPU = Release|Any CPU
	EndGlobalSection
	GlobalSection(ProjectConfigurationPlatforms) = postSolution
		{013367E6-DEFE-49DE-832C-DA744CFD17DA}.Debug|Any CPU.ActiveCfg = Debug|Any CPU
		{013367E6-DEFE-49DE-832C-DA744CFD17DA}.Debug|Any CPU.Build.0 = Debug|Any CPU
		{013367E6-DEFE-49DE-832C-DA744CFD17DA}.Release|Any CPU.ActiveCfg = Release|Any CPU
		{013367E6-DEFE-49DE-832C-DA744CFD17DA}.Release|Any CPU.Build.0 = Release|Any CPU
	EndGlobalSection
	GlobalSection(SolutionProperties) = preSolution
		HideSolutionNode = FALSE
	EndGlobalSection
	GlobalSection(ExtensibilityGlobals) = postSolution
		SolutionGuid = {2FF89744-5ACA-4E83-996B-677A99D1BF6F}
	EndGlobalSection
EndGlobal
